
Microsoft Visual Studio Solution File, Format Version 12.00
# Visual Studio Version 17
VisualStudioVersion = 17.0.31919.166
MinimumVisualStudioVersion = 10.0.40219.1
Project("{FAE04EC0-301F-11D3-BF4B-00C04F79EFBC}") = "Resume2", "Resume2\Resume2.csproj", "{FCE85958-E9E3-4991-83FD-070A45C22C2A}"
EndProject
Global
	GlobalSection(SolutionConfigurationPlatforms) = preSolution
		Debug|Any CPU = Debug|Any CPU
		Release|Any CPU = Release|Any CPU
	EndGlobalSection
	GlobalSection(ProjectConfigurationPlatforms) = postSolution
		{FCE85958-E9E3-4991-83FD-070A45C22C2A}.Debug|Any CPU.ActiveCfg = Debug|Any CPU
		{FCE85958-E9E3-4991-83FD-070A45C22C2A}.Debug|Any CPU.Build.0 = Debug|Any CPU
		{FCE85958-E9E3-4991-83FD-070A45C22C2A}.Release|Any CPU.ActiveCfg = Release|Any CPU
		{FCE85958-E9E3-4991-83FD-070A45C22C2A}.Release|Any CPU.Build.0 = Release|Any CPU
	EndGlobalSection
	GlobalSection(SolutionProperties) = preSolution
		HideSolutionNode = FALSE
	EndGlobalSection
	GlobalSection(ExtensibilityGlobals) = postSolution
		SolutionGuid = {42156BCC-A4BD-4D82-B0AB-A85FE1E1A4E3}
	EndGlobalSection
EndGlobal
